
Microsoft Visual Studio Solution File, Format Version 12.00
# Visual Studio Version 17
VisualStudioVersion = 17.13.35913.81 d17.13
MinimumVisualStudioVersion = 10.0.40219.1
Project("{8BC9CEB8-8B4A-11D0-8D11-00A0C91BC942}") = "Anatomia-del-Cuerpo-Humano", "Anatomia-del-Cuerpo-Humano\Anatomia-del-Cuerpo-Humano.vcxproj", "{332F3A06-A8ED-4350-B3B1-04A26F715F8C}"
EndProject
Global
	GlobalSection(SolutionConfigurationPlatforms) = preSolution
		Debug|x64 = Debug|x64
		Debug|x86 = Debug|x86
		Release|x64 = Release|x64
		Release|x86 = Release|x86
	EndGlobalSection
	GlobalSection(ProjectConfigurationPlatforms) = postSolution
		{332F3A06-A8ED-4350-B3B1-04A26F715F8C}.Debug|x64.ActiveCfg = Debug|x64
		{332F3A06-A8ED-4350-B3B1-04A26F715F8C}.Debug|x64.Build.0 = Debug|x64
		{332F3A06-A8ED-4350-B3B1-04A26F715F8C}.Debug|x86.ActiveCfg = Debug|Win32
		{332F3A06-A8ED-4350-B3B1-04A26F715F8C}.Debug|x86.Build.0 = Debug|Win32
		{332F3A06-A8ED-4350-B3B1-04A26F715F8C}.Release|x64.ActiveCfg = Release|x64
		{332F3A06-A8ED-4350-B3B1-04A26F715F8C}.Release|x64.Build.0 = Release|x64
		{332F3A06-A8ED-4350-B3B1-04A26F715F8C}.Release|x86.ActiveCfg = Release|Win32
		{332F3A06-A8ED-4350-B3B1-04A26F715F8C}.Release|x86.Build.0 = Release|Win32
	EndGlobalSection
	GlobalSection(SolutionProperties) = preSolution
		HideSolutionNode = FALSE
	EndGlobalSection
	GlobalSection(ExtensibilityGlobals) = postSolution
		SolutionGuid = {CD9A572A-E0B4-44B0-A96F-9519A9ADE063}
	EndGlobalSection
EndGlobal
